// !$*UTF8*$!
{
	archiveVersion = 1;
	classes = {
	};
	objectVersion = 56;
	objects = {

/* Begin PBXBuildFile section */
		529A1B072C34A2720042C8AB /* renderer.cpp in Sources */ = {isa = PBXBuildFile; fileRef = 529A1B052C34A2720042C8AB /* renderer.cpp */; };
		529A1B0A2C34A9090042C8AB /* Shaders.metal in Sources */ = {isa = PBXBuildFile; fileRef = 529A1B092C34A9090042C8AB /* Shaders.metal */; };
		52BBE3062C349D9B004C6C4A /* main.cpp in Sources */ = {isa = PBXBuildFile; fileRef = 52BBE3042C349D9B004C6C4A /* main.cpp */; };
		52BBE3092C349DC1004C6C4A /* MetalKit.framework in Frameworks */ = {isa = PBXBuildFile; fileRef = 52BBE3082C349DC1004C6C4A /* MetalKit.framework */; };
		52BBE30D2C349DE4004C6C4A /* Foundation.framework in Frameworks */ = {isa = PBXBuildFile; fileRef = 52BBE30C2C349DE4004C6C4A /* Foundation.framework */; };
		52BBE30F2C349DED004C6C4A /* Metal.framework in Frameworks */ = {isa = PBXBuildFile; fileRef = 52BBE30E2C349DED004C6C4A /* Metal.framework */; };
		52BBE3132C34A1D1004C6C4A /* app_delegate.cpp in Sources */ = {isa = PBXBuildFile; fileRef = 52BBE3112C34A1D1004C6C4A /* app_delegate.cpp */; };
		52BBE3162C34A207004C6C4A /* view_delegate.cpp in Sources */ = {isa = PBXBuildFile; fileRef = 52BBE3142C34A207004C6C4A /* view_delegate.cpp */; };
/* End PBXBuildFile section */

/* Begin PBXFileReference section */
		529A1B052C34A2720042C8AB /* renderer.cpp */ = {isa = PBXFileReference; lastKnownFileType = sourcecode.cpp.cpp; path = renderer.cpp; sourceTree = "<group>"; };
		529A1B062C34A2720042C8AB /* renderer.hpp */ = {isa = PBXFileReference; lastKnownFileType = sourcecode.cpp.h; path = renderer.hpp; sourceTree = "<group>"; };
		529A1B082C34A33A0042C8AB /* Common.h */ = {isa = PBXFileReference; lastKnownFileType = sourcecode.c.h; path = Common.h; sourceTree = "<group>"; };
		529A1B092C34A9090042C8AB /* Shaders.metal */ = {isa = PBXFileReference; lastKnownFileType = sourcecode.metal; path = Shaders.metal; sourceTree = "<group>"; };
		52BBE2F32C349D77004C6C4A /* Test.app */ = {isa = PBXFileReference; explicitFileType = wrapper.application; includeInIndex = 0; path = Test.app; sourceTree = BUILT_PRODUCTS_DIR; };
		52BBE3042C349D9B004C6C4A /* main.cpp */ = {isa = PBXFileReference; lastKnownFileType = sourcecode.cpp.cpp; path = main.cpp; sourceTree = "<group>"; };
		52BBE3052C349D9B004C6C4A /* main.hpp */ = {isa = PBXFileReference; lastKnownFileType = sourcecode.cpp.h; path = main.hpp; sourceTree = "<group>"; };
		52BBE3082C349DC1004C6C4A /* MetalKit.framework */ = {isa = PBXFileReference; lastKnownFileType = wrapper.framework; name = MetalKit.framework; path = System/Library/Frameworks/MetalKit.framework; sourceTree = SDKROOT; };
		52BBE30C2C349DE4004C6C4A /* Foundation.framework */ = {isa = PBXFileReference; lastKnownFileType = wrapper.framework; name = Foundation.framework; path = System/Library/Frameworks/Foundation.framework; sourceTree = SDKROOT; };
		52BBE30E2C349DED004C6C4A /* Metal.framework */ = {isa = PBXFileReference; lastKnownFileType = wrapper.framework; name = Metal.framework; path = System/Library/Frameworks/Metal.framework; sourceTree = SDKROOT; };
		52BBE3112C34A1D1004C6C4A /* app_delegate.cpp */ = {isa = PBXFileReference; lastKnownFileType = sourcecode.cpp.cpp; path = app_delegate.cpp; sourceTree = "<group>"; };
		52BBE3122C34A1D1004C6C4A /* app_delegate.hpp */ = {isa = PBXFileReference; lastKnownFileType = sourcecode.cpp.h; path = app_delegate.hpp; sourceTree = "<group>"; };
		52BBE3142C34A207004C6C4A /* view_delegate.cpp */ = {isa = PBXFileReference; lastKnownFileType = sourcecode.cpp.cpp; path = view_delegate.cpp; sourceTree = "<group>"; };
		52BBE3152C34A207004C6C4A /* view_delegate.hpp */ = {isa = PBXFileReference; lastKnownFileType = sourcecode.cpp.h; path = view_delegate.hpp; sourceTree = "<group>"; };
/* End PBXFileReference section */

/* Begin PBXFrameworksBuildPhase section */
		52BBE2F02C349D77004C6C4A /* Frameworks */ = {
			isa = PBXFrameworksBuildPhase;
			buildActionMask = 2147483647;
			files = (
				52BBE30F2C349DED004C6C4A /* Metal.framework in Frameworks */,
				52BBE30D2C349DE4004C6C4A /* Foundation.framework in Frameworks */,
				52BBE3092C349DC1004C6C4A /* MetalKit.framework in Frameworks */,
			);
			runOnlyForDeploymentPostprocessing = 0;
		};
/* End PBXFrameworksBuildPhase section */

/* Begin PBXGroup section */
		529A1B042C34A2620042C8AB /* View */ = {
			isa = PBXGroup;
			children = (
				529A1B052C34A2720042C8AB /* renderer.cpp */,
				529A1B062C34A2720042C8AB /* renderer.hpp */,
			);
			path = View;
			sourceTree = "<group>";
		};
		52BBE2E82C349D5E004C6C4A = {
			isa = PBXGroup;
			children = (
				52BBE2F52C349D77004C6C4A /* Test */,
				52BBE2F42C349D77004C6C4A /* Products */,
				52BBE3072C349DC1004C6C4A /* Frameworks */,
			);
			sourceTree = "<group>";
		};
		52BBE2F42C349D77004C6C4A /* Products */ = {
			isa = PBXGroup;
			children = (
				52BBE2F32C349D77004C6C4A /* Test.app */,
			);
			name = Products;
			sourceTree = "<group>";
		};
		52BBE2F52C349D77004C6C4A /* Test */ = {
			isa = PBXGroup;
			children = (
				52BBE3042C349D9B004C6C4A /* main.cpp */,
				52BBE3052C349D9B004C6C4A /* main.hpp */,
				52BBE3102C34A1BE004C6C4A /* Control */,
				529A1B042C34A2620042C8AB /* View */,
				529A1B082C34A33A0042C8AB /* Common.h */,
				529A1B092C34A9090042C8AB /* Shaders.metal */,
			);
			path = Test;
			sourceTree = "<group>";
		};
		52BBE3072C349DC1004C6C4A /* Frameworks */ = {
			isa = PBXGroup;
			children = (
				52BBE30E2C349DED004C6C4A /* Metal.framework */,
				52BBE30C2C349DE4004C6C4A /* Foundation.framework */,
				52BBE3082C349DC1004C6C4A /* MetalKit.framework */,
			);
			name = Frameworks;
			sourceTree = "<group>";
		};
		52BBE3102C34A1BE004C6C4A /* Control */ = {
			isa = PBXGroup;
			children = (
				52BBE3112C34A1D1004C6C4A /* app_delegate.cpp */,
				52BBE3122C34A1D1004C6C4A /* app_delegate.hpp */,
				52BBE3142C34A207004C6C4A /* view_delegate.cpp */,
				52BBE3152C34A207004C6C4A /* view_delegate.hpp */,
			);
			path = Control;
			sourceTree = "<group>";
		};
/* End PBXGroup section */

/* Begin PBXNativeTarget section */
		52BBE2F22C349D77004C6C4A /* Test */ = {
			isa = PBXNativeTarget;
			buildConfigurationList = 52BBE3012C349D78004C6C4A /* Build configuration list for PBXNativeTarget "Test" */;
			buildPhases = (
				52BBE2EF2C349D77004C6C4A /* Sources */,
				52BBE2F02C349D77004C6C4A /* Frameworks */,
				52BBE2F12C349D77004C6C4A /* Resources */,
			);
			buildRules = (
			);
			dependencies = (
			);
			name = Test;
			productName = Test;
			productReference = 52BBE2F32C349D77004C6C4A /* Test.app */;
			productType = "com.apple.product-type.application";
		};
/* End PBXNativeTarget section */

/* Begin PBXProject section */
		52BBE2E92C349D5E004C6C4A /* Project object */ = {
			isa = PBXProject;
			attributes = {
				BuildIndependentTargetsInParallel = 1;
				LastUpgradeCheck = 1500;
				TargetAttributes = {
					52BBE2F22C349D77004C6C4A = {
						CreatedOnToolsVersion = 15.0;
					};
				};
			};
			buildConfigurationList = 52BBE2EC2C349D5E004C6C4A /* Build configuration list for PBXProject "Prototype 1" */;
			compatibilityVersion = "Xcode 14.0";
			developmentRegion = en;
			hasScannedForEncodings = 0;
			knownRegions = (
				en,
				Base,
			);
			mainGroup = 52BBE2E82C349D5E004C6C4A;
			productRefGroup = 52BBE2F42C349D77004C6C4A /* Products */;
			projectDirPath = "";
			projectRoot = "";
			targets = (
				52BBE2F22C349D77004C6C4A /* Test */,
			);
		};
/* End PBXProject section */

/* Begin PBXResourcesBuildPhase section */
		52BBE2F12C349D77004C6C4A /* Resources */ = {
			isa = PBXResourcesBuildPhase;
			buildActionMask = 2147483647;
			files = (
			);
			runOnlyForDeploymentPostprocessing = 0;
		};
/* End PBXResourcesBuildPhase section */

/* Begin PBXSourcesBuildPhase section */
		52BBE2EF2C349D77004C6C4A /* Sources */ = {
			isa = PBXSourcesBuildPhase;
			buildActionMask = 2147483647;
			files = (
				529A1B072C34A2720042C8AB /* renderer.cpp in Sources */,
				52BBE3132C34A1D1004C6C4A /* app_delegate.cpp in Sources */,
				52BBE3162C34A207004C6C4A /* view_delegate.cpp in Sources */,
				52BBE3062C349D9B004C6C4A /* main.cpp in Sources */,
				529A1B0A2C34A9090042C8AB /* Shaders.metal in Sources */,
			);
			runOnlyForDeploymentPostprocessing = 0;
		};
/* End PBXSourcesBuildPhase section */

/* Begin XCBuildConfiguration section */
		52BBE2ED2C349D5E004C6C4A /* Debug */ = {
			isa = XCBuildConfiguration;
			buildSettings = {
			};
			name = Debug;
		};
		52BBE2EE2C349D5E004C6C4A /* Release */ = {
			isa = XCBuildConfiguration;
			buildSettings = {
			};
			name = Release;
		};
		52BBE3022C349D78004C6C4A /* Debug */ = {
			isa = XCBuildConfiguration;
			buildSettings = {
				ALWAYS_SEARCH_USER_PATHS = NO;
				ASSETCATALOG_COMPILER_APPICON_NAME = AppIcon;
				ASSETCATALOG_COMPILER_GENERATE_SWIFT_ASSET_SYMBOL_EXTENSIONS = YES;
				ASSETCATALOG_COMPILER_GLOBAL_ACCENT_COLOR_NAME = AccentColor;
				CLANG_ANALYZER_NONNULL = YES;
				CLANG_ANALYZER_NUMBER_OBJECT_CONVERSION = YES_AGGRESSIVE;
				CLANG_CXX_LANGUAGE_STANDARD = "gnu++20";
				CLANG_ENABLE_MODULES = YES;
				CLANG_ENABLE_OBJC_ARC = YES;
				CLANG_ENABLE_OBJC_WEAK = YES;
				CLANG_WARN_BLOCK_CAPTURE_AUTORELEASING = YES;
				CLANG_WARN_BOOL_CONVERSION = YES;
				CLANG_WARN_COMMA = YES;
				CLANG_WARN_CONSTANT_CONVERSION = YES;
				CLANG_WARN_DEPRECATED_OBJC_IMPLEMENTATIONS = YES;
				CLANG_WARN_DIRECT_OBJC_ISA_USAGE = YES_ERROR;
				CLANG_WARN_DOCUMENTATION_COMMENTS = YES;
				CLANG_WARN_EMPTY_BODY = YES;
				CLANG_WARN_ENUM_CONVERSION = YES;
				CLANG_WARN_INFINITE_RECURSION = YES;
				CLANG_WARN_INT_CONVERSION = YES;
				CLANG_WARN_NON_LITERAL_NULL_CONVERSION = YES;
				CLANG_WARN_OBJC_IMPLICIT_RETAIN_SELF = YES;
				CLANG_WARN_OBJC_LITERAL_CONVERSION = YES;
				CLANG_WARN_OBJC_ROOT_CLASS = YES_ERROR;
				CLANG_WARN_QUOTED_INCLUDE_IN_FRAMEWORK_HEADER = YES;
				CLANG_WARN_RANGE_LOOP_ANALYSIS = YES;
				CLANG_WARN_STRICT_PROTOTYPES = YES;
				CLANG_WARN_SUSPICIOUS_MOVE = YES;
				CLANG_WARN_UNGUARDED_AVAILABILITY = YES_AGGRESSIVE;
				CLANG_WARN_UNREACHABLE_CODE = YES;
				CLANG_WARN__DUPLICATE_METHOD_MATCH = YES;
				CODE_SIGN_ENTITLEMENTS = Test/Test.entitlements;
				CODE_SIGN_STYLE = Automatic;
				COMBINE_HIDPI_IMAGES = YES;
				COPY_PHASE_STRIP = NO;
				CURRENT_PROJECT_VERSION = 1;
				DEBUG_INFORMATION_FORMAT = dwarf;
				ENABLE_STRICT_OBJC_MSGSEND = YES;
				ENABLE_TESTABILITY = YES;
				ENABLE_USER_SCRIPT_SANDBOXING = YES;
				GCC_C_LANGUAGE_STANDARD = gnu17;
				GCC_DYNAMIC_NO_PIC = NO;
				GCC_NO_COMMON_BLOCKS = YES;
				GCC_OPTIMIZATION_LEVEL = 0;
				GCC_PREPROCESSOR_DEFINITIONS = (
					"DEBUG=1",
					"$(inherited)",
				);
				GCC_WARN_64_TO_32_BIT_CONVERSION = YES;
				GCC_WARN_ABOUT_RETURN_TYPE = YES_ERROR;
				GCC_WARN_UNDECLARED_SELECTOR = YES;
				GCC_WARN_UNINITIALIZED_AUTOS = YES_AGGRESSIVE;
				GCC_WARN_UNUSED_FUNCTION = YES;
				GCC_WARN_UNUSED_VARIABLE = YES;
				GENERATE_INFOPLIST_FILE = YES;
				HEADER_SEARCH_PATHS = (
					"metal-cpp-extensions",
					"metal-cpp",
					Test,
				);
				INFOPLIST_KEY_NSHumanReadableCopyright = "";
				INFOPLIST_KEY_NSMainNibFile = MainMenu;
				INFOPLIST_KEY_NSPrincipalClass = NSApplication;
				LD_RUNPATH_SEARCH_PATHS = (
					"$(inherited)",
					"@executable_path/../Frameworks",
				);
				LOCALIZATION_PREFERS_STRING_CATALOGS = YES;
				MACOSX_DEPLOYMENT_TARGET = 14.0;
				MARKETING_VERSION = 1.0;
				MTL_ENABLE_DEBUG_INFO = INCLUDE_SOURCE;
				MTL_FAST_MATH = YES;
				ONLY_ACTIVE_ARCH = YES;
				PRODUCT_BUNDLE_IDENTIFIER = com.isoo.Test;
				PRODUCT_NAME = "$(TARGET_NAME)";
				SDKROOT = macosx;
				SWIFT_EMIT_LOC_STRINGS = YES;
			};
			name = Debug;
		};
		52BBE3032C349D78004C6C4A /* Release */ = {
			isa = XCBuildConfiguration;
			buildSettings = {
				ALWAYS_SEARCH_USER_PATHS = NO;
				ASSETCATALOG_COMPILER_APPICON_NAME = AppIcon;
				ASSETCATALOG_COMPILER_GENERATE_SWIFT_ASSET_SYMBOL_EXTENSIONS = YES;
				ASSETCATALOG_COMPILER_GLOBAL_ACCENT_COLOR_NAME = AccentColor;
				CLANG_ANALYZER_NONNULL = YES;
				CLANG_ANALYZER_NUMBER_OBJECT_CONVERSION = YES_AGGRESSIVE;
				CLANG_CXX_LANGUAGE_STANDARD = "gnu++20";
				CLANG_ENABLE_MODULES = YES;
				CLANG_ENABLE_OBJC_ARC = YES;
				CLANG_ENABLE_OBJC_WEAK = YES;
				CLANG_WARN_BLOCK_CAPTURE_AUTORELEASING = YES;
				CLANG_WARN_BOOL_CONVERSION = YES;
				CLANG_WARN_COMMA = YES;
				CLANG_WARN_CONSTANT_CONVERSION = YES;
				CLANG_WARN_DEPRECATED_OBJC_IMPLEMENTATIONS = YES;
				CLANG_WARN_DIRECT_OBJC_ISA_USAGE = YES_ERROR;
				CLANG_WARN_DOCUMENTATION_COMMENTS = YES;
				CLANG_WARN_EMPTY_BODY = YES;
				CLANG_WARN_ENUM_CONVERSION = YES;
				CLANG_WARN_INFINITE_RECURSION = YES;
				CLANG_WARN_INT_CONVERSION = YES;
				CLANG_WARN_NON_LITERAL_NULL_CONVERSION = YES;
				CLANG_WARN_OBJC_IMPLICIT_RETAIN_SELF = YES;
				CLANG_WARN_OBJC_LITERAL_CONVERSION = YES;
				CLANG_WARN_OBJC_ROOT_CLASS = YES_ERROR;
				CLANG_WARN_QUOTED_INCLUDE_IN_FRAMEWORK_HEADER = YES;
				CLANG_WARN_RANGE_LOOP_ANALYSIS = YES;
				CLANG_WARN_STRICT_PROTOTYPES = YES;
				CLANG_WARN_SUSPICIOUS_MOVE = YES;
				CLANG_WARN_UNGUARDED_AVAILABILITY = YES_AGGRESSIVE;
				CLANG_WARN_UNREACHABLE_CODE = YES;
				CLANG_WARN__DUPLICATE_METHOD_MATCH = YES;
				CODE_SIGN_ENTITLEMENTS = Test/Test.entitlements;
				CODE_SIGN_STYLE = Automatic;
				COMBINE_HIDPI_IMAGES = YES;
				COPY_PHASE_STRIP = NO;
				CURRENT_PROJECT_VERSION = 1;
				DEBUG_INFORMATION_FORMAT = "dwarf-with-dsym";
				ENABLE_NS_ASSERTIONS = NO;
				ENABLE_STRICT_OBJC_MSGSEND = YES;
				ENABLE_USER_SCRIPT_SANDBOXING = YES;
				GCC_C_LANGUAGE_STANDARD = gnu17;
				GCC_NO_COMMON_BLOCKS = YES;
				GCC_WARN_64_TO_32_BIT_CONVERSION = YES;
				GCC_WARN_ABOUT_RETURN_TYPE = YES_ERROR;
				GCC_WARN_UNDECLARED_SELECTOR = YES;
				GCC_WARN_UNINITIALIZED_AUTOS = YES_AGGRESSIVE;
				GCC_WARN_UNUSED_FUNCTION = YES;
				GCC_WARN_UNUSED_VARIABLE = YES;
				GENERATE_INFOPLIST_FILE = YES;
				HEADER_SEARCH_PATHS = (
					"metal-cpp-extensions",
					"metal-cpp",
					Test,
				);
				INFOPLIST_KEY_NSHumanReadableCopyright = "";
				INFOPLIST_KEY_NSMainNibFile = MainMenu;
				INFOPLIST_KEY_NSPrincipalClass = NSApplication;
				LD_RUNPATH_SEARCH_PATHS = (
					"$(inherited)",
					"@executable_path/../Frameworks",
				);
				LOCALIZATION_PREFERS_STRING_CATALOGS = YES;
				MACOSX_DEPLOYMENT_TARGET = 14.0;
				MARKETING_VERSION = 1.0;
				MTL_ENABLE_DEBUG_INFO = NO;
				MTL_FAST_MATH = YES;
				PRODUCT_BUNDLE_IDENTIFIER = com.isoo.Test;
				PRODUCT_NAME = "$(TARGET_NAME)";
				SDKROOT = macosx;
				SWIFT_EMIT_LOC_STRINGS = YES;
			};
			name = Release;
		};
/* End XCBuildConfiguration section */

/* Begin XCConfigurationList section */
		52BBE2EC2C349D5E004C6C4A /* Build configuration list for PBXProject "Prototype 1" */ = {
			isa = XCConfigurationList;
			buildConfigurations = (
				52BBE2ED2C349D5E004C6C4A /* Debug */,
				52BBE2EE2C349D5E004C6C4A /* Release */,
			);
			defaultConfigurationIsVisible = 0;
			defaultConfigurationName = Release;
		};
		52BBE3012C349D78004C6C4A /* Build configuration list for PBXNativeTarget "Test" */ = {
			isa = XCConfigurationList;
			buildConfigurations = (
				52BBE3022C349D78004C6C4A /* Debug */,
				52BBE3032C349D78004C6C4A /* Release */,
			);
			defaultConfigurationIsVisible = 0;
			defaultConfigurationName = Release;
		};
/* End XCConfigurationList section */
	};
	rootObject = 52BBE2E92C349D5E004C6C4A /* Project object */;
}
