// !$*UTF8*$!
{
	archiveVersion = 1;
	classes = {
	};
	objectVersion = 56;
	objects = {

/* Begin PBXBuildFile section */
		5223CBC62C1226250045CF84 /* main.cpp in Sources */ = {isa = PBXBuildFile; fileRef = 5223CBC52C1226250045CF84 /* main.cpp */; };
		5223CBC92C1226B30045CF84 /* Metal.framework in Frameworks */ = {isa = PBXBuildFile; fileRef = 5223CBAB2C1224A70045CF84 /* Metal.framework */; };
		5223CBCA2C1226B30045CF84 /* MetalKit.framework in Frameworks */ = {isa = PBXBuildFile; fileRef = 5223CBAD2C1224AC0045CF84 /* MetalKit.framework */; };
		5223CBCB2C1226B30045CF84 /* Foundation.framework in Frameworks */ = {isa = PBXBuildFile; fileRef = 5223CBAF2C1224B10045CF84 /* Foundation.framework */; };
		5223CBD72C1229550045CF84 /* Assets.xcassets in Resources */ = {isa = PBXBuildFile; fileRef = 5223CBD62C1229550045CF84 /* Assets.xcassets */; };
		5223CBDF2C1229710045CF84 /* iostest.cpp in Sources */ = {isa = PBXBuildFile; fileRef = 5223CBDE2C1229710045CF84 /* iostest.cpp */; };
		5230D0732C171B6100947314 /* cat.jpeg in Resources */ = {isa = PBXBuildFile; fileRef = 5230D0722C171B6100947314 /* cat.jpeg */; };
		527D9BEE2C2CC14C00FDA615 /* mesh.cpp in Sources */ = {isa = PBXBuildFile; fileRef = 527D9BEC2C2CC14C00FDA615 /* mesh.cpp */; };
		527D9BEF2C2DA90200FDA615 /* libassimp.5.4.1.dylib in Embed Libraries */ = {isa = PBXBuildFile; fileRef = 52926A782C24C690002D926B /* libassimp.5.4.1.dylib */; settings = {ATTRIBUTES = (CodeSignOnCopy, ); }; };
		52926A792C24C690002D926B /* libassimp.5.4.1.dylib in Frameworks */ = {isa = PBXBuildFile; fileRef = 52926A782C24C690002D926B /* libassimp.5.4.1.dylib */; };
		52926A7C2C24CFF7002D926B /* train.obj in Resources */ = {isa = PBXBuildFile; fileRef = 52926A7B2C24CFF7002D926B /* train.obj */; };
		52926A842C24F60D002D926B /* box.obj in Resources */ = {isa = PBXBuildFile; fileRef = 52926A832C24F60D002D926B /* box.obj */; };
		52C87FD72C176BD5009349D1 /* app_delegate.cpp in Sources */ = {isa = PBXBuildFile; fileRef = 52C87FD52C176BD5009349D1 /* app_delegate.cpp */; };
		52C87FDA2C176C1B009349D1 /* view_delegate.cpp in Sources */ = {isa = PBXBuildFile; fileRef = 52C87FD82C176C1B009349D1 /* view_delegate.cpp */; };
		52C87FDE2C176C69009349D1 /* renderer.cpp in Sources */ = {isa = PBXBuildFile; fileRef = 52C87FDC2C176C69009349D1 /* renderer.cpp */; };
		52C87FEF2C179D7C009349D1 /* model.cpp in Sources */ = {isa = PBXBuildFile; fileRef = 52C87FE72C179117009349D1 /* model.cpp */; };
		52ED951E2C25A461004730C2 /* baoxiaoling.obj in Resources */ = {isa = PBXBuildFile; fileRef = 52ED951D2C25A461004730C2 /* baoxiaoling.obj */; };
		52ED95202C25B675004730C2 /* baoxiaoling.dae in Resources */ = {isa = PBXBuildFile; fileRef = 52ED951F2C25B675004730C2 /* baoxiaoling.dae */; };
/* End PBXBuildFile section */

/* Begin PBXCopyFilesBuildPhase section */
		527D9BF02C2DA90200FDA615 /* Embed Libraries */ = {
			isa = PBXCopyFilesBuildPhase;
			buildActionMask = 2147483647;
			dstPath = "";
			dstSubfolderSpec = 10;
			files = (
				527D9BEF2C2DA90200FDA615 /* libassimp.5.4.1.dylib in Embed Libraries */,
			);
			name = "Embed Libraries";
			runOnlyForDeploymentPostprocessing = 0;
		};
/* End PBXCopyFilesBuildPhase section */

/* Begin PBXFileReference section */
		5223CBAB2C1224A70045CF84 /* Metal.framework */ = {isa = PBXFileReference; lastKnownFileType = wrapper.framework; name = Metal.framework; path = Platforms/iPhoneOS.platform/Developer/SDKs/iPhoneOS17.0.sdk/System/Library/Frameworks/Metal.framework; sourceTree = DEVELOPER_DIR; };
		5223CBAD2C1224AC0045CF84 /* MetalKit.framework */ = {isa = PBXFileReference; lastKnownFileType = wrapper.framework; name = MetalKit.framework; path = Platforms/iPhoneOS.platform/Developer/SDKs/iPhoneOS17.0.sdk/System/Library/Frameworks/MetalKit.framework; sourceTree = DEVELOPER_DIR; };
		5223CBAF2C1224B10045CF84 /* Foundation.framework */ = {isa = PBXFileReference; lastKnownFileType = wrapper.framework; name = Foundation.framework; path = Platforms/iPhoneOS.platform/Developer/SDKs/iPhoneOS17.0.sdk/System/Library/Frameworks/Foundation.framework; sourceTree = DEVELOPER_DIR; };
		5223CBB52C1226010045CF84 /* Test2.app */ = {isa = PBXFileReference; explicitFileType = wrapper.application; includeInIndex = 0; path = Test2.app; sourceTree = BUILT_PRODUCTS_DIR; };
		5223CBC52C1226250045CF84 /* main.cpp */ = {isa = PBXFileReference; lastKnownFileType = sourcecode.cpp.cpp; path = main.cpp; sourceTree = "<group>"; };
		5223CBD02C1229540045CF84 /* iOSTest.app */ = {isa = PBXFileReference; explicitFileType = wrapper.application; includeInIndex = 0; path = iOSTest.app; sourceTree = BUILT_PRODUCTS_DIR; };
		5223CBD62C1229550045CF84 /* Assets.xcassets */ = {isa = PBXFileReference; lastKnownFileType = folder.assetcatalog; path = Assets.xcassets; sourceTree = "<group>"; };
		5223CBDE2C1229710045CF84 /* iostest.cpp */ = {isa = PBXFileReference; lastKnownFileType = sourcecode.cpp.cpp; path = iostest.cpp; sourceTree = "<group>"; };
		5230D0722C171B6100947314 /* cat.jpeg */ = {isa = PBXFileReference; lastKnownFileType = image.jpeg; name = cat.jpeg; path = ../../../../../Downloads/cat.jpeg; sourceTree = "<group>"; };
		527D9BEB2C2C4B7F00FDA615 /* Common.h */ = {isa = PBXFileReference; lastKnownFileType = sourcecode.c.h; path = Common.h; sourceTree = "<group>"; };
		527D9BEC2C2CC14C00FDA615 /* mesh.cpp */ = {isa = PBXFileReference; lastKnownFileType = sourcecode.cpp.cpp; path = mesh.cpp; sourceTree = "<group>"; };
		527D9BED2C2CC14C00FDA615 /* mesh.hpp */ = {isa = PBXFileReference; lastKnownFileType = sourcecode.cpp.h; path = mesh.hpp; sourceTree = "<group>"; };
		52926A782C24C690002D926B /* libassimp.5.4.1.dylib */ = {isa = PBXFileReference; lastKnownFileType = "compiled.mach-o.dylib"; name = libassimp.5.4.1.dylib; path = ../../../../../opt/homebrew/Cellar/assimp/5.4.1/lib/libassimp.5.4.1.dylib; sourceTree = "<group>"; };
		52926A7B2C24CFF7002D926B /* train.obj */ = {isa = PBXFileReference; fileEncoding = 4; lastKnownFileType = text; path = train.obj; sourceTree = "<group>"; };
		52926A832C24F60D002D926B /* box.obj */ = {isa = PBXFileReference; fileEncoding = 4; lastKnownFileType = text; name = box.obj; path = ../../../../3DModels/box.obj; sourceTree = "<group>"; };
		52C87FD52C176BD5009349D1 /* app_delegate.cpp */ = {isa = PBXFileReference; lastKnownFileType = sourcecode.cpp.cpp; path = app_delegate.cpp; sourceTree = "<group>"; };
		52C87FD62C176BD5009349D1 /* app_delegate.hpp */ = {isa = PBXFileReference; lastKnownFileType = sourcecode.cpp.h; path = app_delegate.hpp; sourceTree = "<group>"; };
		52C87FD82C176C1B009349D1 /* view_delegate.cpp */ = {isa = PBXFileReference; lastKnownFileType = sourcecode.cpp.cpp; path = view_delegate.cpp; sourceTree = "<group>"; };
		52C87FD92C176C1B009349D1 /* view_delegate.hpp */ = {isa = PBXFileReference; lastKnownFileType = sourcecode.cpp.h; path = view_delegate.hpp; sourceTree = "<group>"; };
		52C87FDC2C176C69009349D1 /* renderer.cpp */ = {isa = PBXFileReference; lastKnownFileType = sourcecode.cpp.cpp; path = renderer.cpp; sourceTree = "<group>"; };
		52C87FDD2C176C69009349D1 /* renderer.hpp */ = {isa = PBXFileReference; lastKnownFileType = sourcecode.cpp.h; path = renderer.hpp; sourceTree = "<group>"; };
		52C87FE72C179117009349D1 /* model.cpp */ = {isa = PBXFileReference; lastKnownFileType = sourcecode.cpp.cpp; path = model.cpp; sourceTree = "<group>"; };
		52C87FE82C179117009349D1 /* model.hpp */ = {isa = PBXFileReference; lastKnownFileType = sourcecode.cpp.h; path = model.hpp; sourceTree = "<group>"; };
		52ED951D2C25A461004730C2 /* baoxiaoling.obj */ = {isa = PBXFileReference; fileEncoding = 4; lastKnownFileType = text; path = baoxiaoling.obj; sourceTree = "<group>"; };
		52ED951F2C25B675004730C2 /* baoxiaoling.dae */ = {isa = PBXFileReference; fileEncoding = 4; lastKnownFileType = text.xml.dae; path = baoxiaoling.dae; sourceTree = "<group>"; };
/* End PBXFileReference section */

/* Begin PBXFrameworksBuildPhase section */
		5223CBB22C1226010045CF84 /* Frameworks */ = {
			isa = PBXFrameworksBuildPhase;
			buildActionMask = 2147483647;
			files = (
				52926A792C24C690002D926B /* libassimp.5.4.1.dylib in Frameworks */,
				5223CBC92C1226B30045CF84 /* Metal.framework in Frameworks */,
				5223CBCB2C1226B30045CF84 /* Foundation.framework in Frameworks */,
				5223CBCA2C1226B30045CF84 /* MetalKit.framework in Frameworks */,
			);
			runOnlyForDeploymentPostprocessing = 0;
		};
		5223CBCD2C1229540045CF84 /* Frameworks */ = {
			isa = PBXFrameworksBuildPhase;
			buildActionMask = 2147483647;
			files = (
			);
			runOnlyForDeploymentPostprocessing = 0;
		};
/* End PBXFrameworksBuildPhase section */

/* Begin PBXGroup section */
		5223CB822C1222EB0045CF84 = {
			isa = PBXGroup;
			children = (
				5223CBB62C1226010045CF84 /* Test2 */,
				5223CBD12C1229540045CF84 /* iOSTest */,
				5223CB902C1223CD0045CF84 /* Products */,
				5223CBAA2C1224A70045CF84 /* Frameworks */,
			);
			sourceTree = "<group>";
		};
		5223CB902C1223CD0045CF84 /* Products */ = {
			isa = PBXGroup;
			children = (
				5223CBB52C1226010045CF84 /* Test2.app */,
				5223CBD02C1229540045CF84 /* iOSTest.app */,
			);
			name = Products;
			sourceTree = "<group>";
		};
		5223CBAA2C1224A70045CF84 /* Frameworks */ = {
			isa = PBXGroup;
			children = (
				52926A782C24C690002D926B /* libassimp.5.4.1.dylib */,
				5223CBAF2C1224B10045CF84 /* Foundation.framework */,
				5223CBAB2C1224A70045CF84 /* Metal.framework */,
				5223CBAD2C1224AC0045CF84 /* MetalKit.framework */,
			);
			name = Frameworks;
			sourceTree = "<group>";
		};
		5223CBB62C1226010045CF84 /* Test2 */ = {
			isa = PBXGroup;
			children = (
				5223CBC52C1226250045CF84 /* main.cpp */,
				52926A7A2C24CFCE002D926B /* Models */,
				52C87FE02C178932009349D1 /* Nodes */,
				52C87FDB2C176C58009349D1 /* View */,
				52C87FD42C176BC1009349D1 /* Control */,
				5230D0712C171B4000947314 /* Images */,
				527D9BEB2C2C4B7F00FDA615 /* Common.h */,
			);
			path = Test2;
			sourceTree = "<group>";
		};
		5223CBD12C1229540045CF84 /* iOSTest */ = {
			isa = PBXGroup;
			children = (
				5223CBDE2C1229710045CF84 /* iostest.cpp */,
				5223CBD62C1229550045CF84 /* Assets.xcassets */,
			);
			path = iOSTest;
			sourceTree = "<group>";
		};
		5230D0712C171B4000947314 /* Images */ = {
			isa = PBXGroup;
			children = (
				5230D0722C171B6100947314 /* cat.jpeg */,
			);
			path = Images;
			sourceTree = "<group>";
		};
		52926A7A2C24CFCE002D926B /* Models */ = {
			isa = PBXGroup;
			children = (
				52ED951F2C25B675004730C2 /* baoxiaoling.dae */,
				52ED951D2C25A461004730C2 /* baoxiaoling.obj */,
				52926A832C24F60D002D926B /* box.obj */,
				52926A7B2C24CFF7002D926B /* train.obj */,
			);
			path = Models;
			sourceTree = "<group>";
		};
		52C87FD42C176BC1009349D1 /* Control */ = {
			isa = PBXGroup;
			children = (
				52C87FD52C176BD5009349D1 /* app_delegate.cpp */,
				52C87FD62C176BD5009349D1 /* app_delegate.hpp */,
				52C87FD82C176C1B009349D1 /* view_delegate.cpp */,
				52C87FD92C176C1B009349D1 /* view_delegate.hpp */,
			);
			path = Control;
			sourceTree = "<group>";
		};
		52C87FDB2C176C58009349D1 /* View */ = {
			isa = PBXGroup;
			children = (
				52C87FDC2C176C69009349D1 /* renderer.cpp */,
				52C87FDD2C176C69009349D1 /* renderer.hpp */,
			);
			path = View;
			sourceTree = "<group>";
		};
		52C87FE02C178932009349D1 /* Nodes */ = {
			isa = PBXGroup;
			children = (
				52C87FE72C179117009349D1 /* model.cpp */,
				52C87FE82C179117009349D1 /* model.hpp */,
				527D9BEC2C2CC14C00FDA615 /* mesh.cpp */,
				527D9BED2C2CC14C00FDA615 /* mesh.hpp */,
			);
			path = Nodes;
			sourceTree = "<group>";
		};
/* End PBXGroup section */

/* Begin PBXNativeTarget section */
		5223CBB42C1226010045CF84 /* Test2 */ = {
			isa = PBXNativeTarget;
			buildConfigurationList = 5223CBC22C1226020045CF84 /* Build configuration list for PBXNativeTarget "Test2" */;
			buildPhases = (
				5223CBB12C1226010045CF84 /* Sources */,
				5223CBB22C1226010045CF84 /* Frameworks */,
				5223CBB32C1226010045CF84 /* Resources */,
				527D9BF02C2DA90200FDA615 /* Embed Libraries */,
			);
			buildRules = (
			);
			dependencies = (
			);
			name = Test2;
			productName = Test2;
			productReference = 5223CBB52C1226010045CF84 /* Test2.app */;
			productType = "com.apple.product-type.application";
		};
		5223CBCF2C1229540045CF84 /* iOSTest */ = {
			isa = PBXNativeTarget;
			buildConfigurationList = 5223CBDB2C1229560045CF84 /* Build configuration list for PBXNativeTarget "iOSTest" */;
			buildPhases = (
				5223CBCC2C1229540045CF84 /* Sources */,
				5223CBCD2C1229540045CF84 /* Frameworks */,
				5223CBCE2C1229540045CF84 /* Resources */,
			);
			buildRules = (
			);
			dependencies = (
			);
			name = iOSTest;
			productName = iOSTest;
			productReference = 5223CBD02C1229540045CF84 /* iOSTest.app */;
			productType = "com.apple.product-type.application";
		};
/* End PBXNativeTarget section */

/* Begin PBXProject section */
		5223CB832C1222EB0045CF84 /* Project object */ = {
			isa = PBXProject;
			attributes = {
				BuildIndependentTargetsInParallel = 1;
				LastSwiftUpdateCheck = 1500;
				LastUpgradeCheck = 1500;
				TargetAttributes = {
					5223CBB42C1226010045CF84 = {
						CreatedOnToolsVersion = 15.0;
					};
					5223CBCF2C1229540045CF84 = {
						CreatedOnToolsVersion = 15.0;
					};
				};
			};
			buildConfigurationList = 5223CB862C1222EB0045CF84 /* Build configuration list for PBXProject "MetalTesting" */;
			compatibilityVersion = "Xcode 14.0";
			developmentRegion = en;
			hasScannedForEncodings = 0;
			knownRegions = (
				en,
				Base,
			);
			mainGroup = 5223CB822C1222EB0045CF84;
			productRefGroup = 5223CB902C1223CD0045CF84 /* Products */;
			projectDirPath = "";
			projectRoot = "";
			targets = (
				5223CBB42C1226010045CF84 /* Test2 */,
				5223CBCF2C1229540045CF84 /* iOSTest */,
			);
		};
/* End PBXProject section */

/* Begin PBXResourcesBuildPhase section */
		5223CBB32C1226010045CF84 /* Resources */ = {
			isa = PBXResourcesBuildPhase;
			buildActionMask = 2147483647;
			files = (
				52926A842C24F60D002D926B /* box.obj in Resources */,
				52ED95202C25B675004730C2 /* baoxiaoling.dae in Resources */,
				52ED951E2C25A461004730C2 /* baoxiaoling.obj in Resources */,
				52926A7C2C24CFF7002D926B /* train.obj in Resources */,
				5230D0732C171B6100947314 /* cat.jpeg in Resources */,
			);
			runOnlyForDeploymentPostprocessing = 0;
		};
		5223CBCE2C1229540045CF84 /* Resources */ = {
			isa = PBXResourcesBuildPhase;
			buildActionMask = 2147483647;
			files = (
				5223CBD72C1229550045CF84 /* Assets.xcassets in Resources */,
			);
			runOnlyForDeploymentPostprocessing = 0;
		};
/* End PBXResourcesBuildPhase section */

/* Begin PBXSourcesBuildPhase section */
		5223CBB12C1226010045CF84 /* Sources */ = {
			isa = PBXSourcesBuildPhase;
			buildActionMask = 2147483647;
			files = (
				52C87FD72C176BD5009349D1 /* app_delegate.cpp in Sources */,
				52C87FEF2C179D7C009349D1 /* model.cpp in Sources */,
				527D9BEE2C2CC14C00FDA615 /* mesh.cpp in Sources */,
				5223CBC62C1226250045CF84 /* main.cpp in Sources */,
				52C87FDE2C176C69009349D1 /* renderer.cpp in Sources */,
				52C87FDA2C176C1B009349D1 /* view_delegate.cpp in Sources */,
			);
			runOnlyForDeploymentPostprocessing = 0;
		};
		5223CBCC2C1229540045CF84 /* Sources */ = {
			isa = PBXSourcesBuildPhase;
			buildActionMask = 2147483647;
			files = (
				5223CBDF2C1229710045CF84 /* iostest.cpp in Sources */,
			);
			runOnlyForDeploymentPostprocessing = 0;
		};
/* End PBXSourcesBuildPhase section */

/* Begin XCBuildConfiguration section */
		5223CB872C1222EB0045CF84 /* Debug */ = {
			isa = XCBuildConfiguration;
			buildSettings = {
			};
			name = Debug;
		};
		5223CB882C1222EB0045CF84 /* Release */ = {
			isa = XCBuildConfiguration;
			buildSettings = {
			};
			name = Release;
		};
		5223CBC32C1226020045CF84 /* Debug */ = {
			isa = XCBuildConfiguration;
			buildSettings = {
				ALWAYS_SEARCH_USER_PATHS = NO;
				ASSETCATALOG_COMPILER_APPICON_NAME = AppIcon;
				ASSETCATALOG_COMPILER_GENERATE_SWIFT_ASSET_SYMBOL_EXTENSIONS = YES;
				ASSETCATALOG_COMPILER_GLOBAL_ACCENT_COLOR_NAME = AccentColor;
				CLANG_ANALYZER_NONNULL = YES;
				CLANG_ANALYZER_NUMBER_OBJECT_CONVERSION = YES_AGGRESSIVE;
				CLANG_CXX_LANGUAGE_STANDARD = "gnu++20";
				CLANG_ENABLE_MODULES = YES;
				CLANG_ENABLE_OBJC_ARC = YES;
				CLANG_ENABLE_OBJC_WEAK = YES;
				CLANG_WARN_BLOCK_CAPTURE_AUTORELEASING = YES;
				CLANG_WARN_BOOL_CONVERSION = YES;
				CLANG_WARN_COMMA = YES;
				CLANG_WARN_CONSTANT_CONVERSION = YES;
				CLANG_WARN_DEPRECATED_OBJC_IMPLEMENTATIONS = YES;
				CLANG_WARN_DIRECT_OBJC_ISA_USAGE = YES_ERROR;
				CLANG_WARN_DOCUMENTATION_COMMENTS = YES;
				CLANG_WARN_EMPTY_BODY = YES;
				CLANG_WARN_ENUM_CONVERSION = YES;
				CLANG_WARN_INFINITE_RECURSION = YES;
				CLANG_WARN_INT_CONVERSION = YES;
				CLANG_WARN_NON_LITERAL_NULL_CONVERSION = YES;
				CLANG_WARN_OBJC_IMPLICIT_RETAIN_SELF = YES;
				CLANG_WARN_OBJC_LITERAL_CONVERSION = YES;
				CLANG_WARN_OBJC_ROOT_CLASS = YES_ERROR;
				CLANG_WARN_QUOTED_INCLUDE_IN_FRAMEWORK_HEADER = YES;
				CLANG_WARN_RANGE_LOOP_ANALYSIS = YES;
				CLANG_WARN_STRICT_PROTOTYPES = YES;
				CLANG_WARN_SUSPICIOUS_MOVE = YES;
				CLANG_WARN_UNGUARDED_AVAILABILITY = YES_AGGRESSIVE;
				CLANG_WARN_UNREACHABLE_CODE = YES;
				CLANG_WARN__DUPLICATE_METHOD_MATCH = YES;
				CODE_SIGN_ENTITLEMENTS = Test2/Test2.entitlements;
				"CODE_SIGN_IDENTITY[sdk=macosx*]" = "-";
				CODE_SIGN_STYLE = Automatic;
				COMBINE_HIDPI_IMAGES = YES;
				COPY_PHASE_STRIP = NO;
				CURRENT_PROJECT_VERSION = 1;
				DEBUG_INFORMATION_FORMAT = dwarf;
				DEVELOPMENT_TEAM = BUVM85N7NV;
				ENABLE_HARDENED_RUNTIME = NO;
				ENABLE_STRICT_OBJC_MSGSEND = YES;
				ENABLE_TESTABILITY = YES;
				ENABLE_USER_SCRIPT_SANDBOXING = YES;
				GCC_C_LANGUAGE_STANDARD = gnu17;
				GCC_DYNAMIC_NO_PIC = NO;
				GCC_NO_COMMON_BLOCKS = YES;
				GCC_OPTIMIZATION_LEVEL = 0;
				GCC_PREPROCESSOR_DEFINITIONS = (
					"DEBUG=1",
					"$(inherited)",
				);
				GCC_WARN_64_TO_32_BIT_CONVERSION = YES;
				GCC_WARN_ABOUT_RETURN_TYPE = YES_ERROR;
				GCC_WARN_UNDECLARED_SELECTOR = YES;
				GCC_WARN_UNINITIALIZED_AUTOS = YES_AGGRESSIVE;
				GCC_WARN_UNUSED_FUNCTION = YES;
				GCC_WARN_UNUSED_VARIABLE = YES;
				GENERATE_INFOPLIST_FILE = YES;
				HEADER_SEARCH_PATHS = (
					"metal-cpp-extensions",
					"metal-cpp",
					/opt/homebrew/Cellar/assimp/5.4.1/include,
				);
				INFOPLIST_KEY_NSHumanReadableCopyright = "";
				INFOPLIST_KEY_NSMainNibFile = MainMenu;
				INFOPLIST_KEY_NSPrincipalClass = NSApplication;
				LD_RUNPATH_SEARCH_PATHS = (
					"$(inherited)",
					"@executable_path/../Frameworks",
				);
				LIBRARY_SEARCH_PATHS = /opt/homebrew/Cellar/assimp/5.4.1/lib;
				LOCALIZATION_PREFERS_STRING_CATALOGS = YES;
				MACOSX_DEPLOYMENT_TARGET = 14.0;
				MARKETING_VERSION = 1.0;
				MTL_ENABLE_DEBUG_INFO = INCLUDE_SOURCE;
				MTL_FAST_MATH = YES;
				ONLY_ACTIVE_ARCH = YES;
				OTHER_CPLUSPLUSFLAGS = (
					"$(OTHER_CFLAGS)",
					"-v",
				);
				PRODUCT_BUNDLE_IDENTIFIER = com.isoo.Test2;
				PRODUCT_NAME = "$(TARGET_NAME)";
				SDKROOT = macosx;
				SWIFT_EMIT_LOC_STRINGS = YES;
			};
			name = Debug;
		};
		5223CBC42C1226020045CF84 /* Release */ = {
			isa = XCBuildConfiguration;
			buildSettings = {
				ALWAYS_SEARCH_USER_PATHS = NO;
				ASSETCATALOG_COMPILER_APPICON_NAME = AppIcon;
				ASSETCATALOG_COMPILER_GENERATE_SWIFT_ASSET_SYMBOL_EXTENSIONS = YES;
				ASSETCATALOG_COMPILER_GLOBAL_ACCENT_COLOR_NAME = AccentColor;
				CLANG_ANALYZER_NONNULL = YES;
				CLANG_ANALYZER_NUMBER_OBJECT_CONVERSION = YES_AGGRESSIVE;
				CLANG_CXX_LANGUAGE_STANDARD = "gnu++20";
				CLANG_ENABLE_MODULES = YES;
				CLANG_ENABLE_OBJC_ARC = YES;
				CLANG_ENABLE_OBJC_WEAK = YES;
				CLANG_WARN_BLOCK_CAPTURE_AUTORELEASING = YES;
				CLANG_WARN_BOOL_CONVERSION = YES;
				CLANG_WARN_COMMA = YES;
				CLANG_WARN_CONSTANT_CONVERSION = YES;
				CLANG_WARN_DEPRECATED_OBJC_IMPLEMENTATIONS = YES;
				CLANG_WARN_DIRECT_OBJC_ISA_USAGE = YES_ERROR;
				CLANG_WARN_DOCUMENTATION_COMMENTS = YES;
				CLANG_WARN_EMPTY_BODY = YES;
				CLANG_WARN_ENUM_CONVERSION = YES;
				CLANG_WARN_INFINITE_RECURSION = YES;
				CLANG_WARN_INT_CONVERSION = YES;
				CLANG_WARN_NON_LITERAL_NULL_CONVERSION = YES;
				CLANG_WARN_OBJC_IMPLICIT_RETAIN_SELF = YES;
				CLANG_WARN_OBJC_LITERAL_CONVERSION = YES;
				CLANG_WARN_OBJC_ROOT_CLASS = YES_ERROR;
				CLANG_WARN_QUOTED_INCLUDE_IN_FRAMEWORK_HEADER = YES;
				CLANG_WARN_RANGE_LOOP_ANALYSIS = YES;
				CLANG_WARN_STRICT_PROTOTYPES = YES;
				CLANG_WARN_SUSPICIOUS_MOVE = YES;
				CLANG_WARN_UNGUARDED_AVAILABILITY = YES_AGGRESSIVE;
				CLANG_WARN_UNREACHABLE_CODE = YES;
				CLANG_WARN__DUPLICATE_METHOD_MATCH = YES;
				CODE_SIGN_ENTITLEMENTS = Test2/Test2.entitlements;
				"CODE_SIGN_IDENTITY[sdk=macosx*]" = "-";
				CODE_SIGN_STYLE = Automatic;
				COMBINE_HIDPI_IMAGES = YES;
				COPY_PHASE_STRIP = NO;
				CURRENT_PROJECT_VERSION = 1;
				DEBUG_INFORMATION_FORMAT = "dwarf-with-dsym";
				DEVELOPMENT_TEAM = BUVM85N7NV;
				ENABLE_HARDENED_RUNTIME = NO;
				ENABLE_NS_ASSERTIONS = NO;
				ENABLE_STRICT_OBJC_MSGSEND = YES;
				ENABLE_USER_SCRIPT_SANDBOXING = YES;
				GCC_C_LANGUAGE_STANDARD = gnu17;
				GCC_NO_COMMON_BLOCKS = YES;
				GCC_WARN_64_TO_32_BIT_CONVERSION = YES;
				GCC_WARN_ABOUT_RETURN_TYPE = YES_ERROR;
				GCC_WARN_UNDECLARED_SELECTOR = YES;
				GCC_WARN_UNINITIALIZED_AUTOS = YES_AGGRESSIVE;
				GCC_WARN_UNUSED_FUNCTION = YES;
				GCC_WARN_UNUSED_VARIABLE = YES;
				GENERATE_INFOPLIST_FILE = YES;
				HEADER_SEARCH_PATHS = (
					"metal-cpp-extensions",
					"metal-cpp",
					/opt/homebrew/Cellar/assimp/5.4.1/include,
				);
				INFOPLIST_KEY_NSHumanReadableCopyright = "";
				INFOPLIST_KEY_NSMainNibFile = MainMenu;
				INFOPLIST_KEY_NSPrincipalClass = NSApplication;
				LD_RUNPATH_SEARCH_PATHS = (
					"$(inherited)",
					"@executable_path/../Frameworks",
				);
				LIBRARY_SEARCH_PATHS = /opt/homebrew/Cellar/assimp/5.4.1/lib;
				LOCALIZATION_PREFERS_STRING_CATALOGS = YES;
				MACOSX_DEPLOYMENT_TARGET = 14.0;
				MARKETING_VERSION = 1.0;
				MTL_ENABLE_DEBUG_INFO = NO;
				MTL_FAST_MATH = YES;
				OTHER_CPLUSPLUSFLAGS = (
					"$(OTHER_CFLAGS)",
					"-v",
				);
				PRODUCT_BUNDLE_IDENTIFIER = com.isoo.Test2;
				PRODUCT_NAME = "$(TARGET_NAME)";
				SDKROOT = macosx;
				SWIFT_EMIT_LOC_STRINGS = YES;
			};
			name = Release;
		};
		5223CBDC2C1229560045CF84 /* Debug */ = {
			isa = XCBuildConfiguration;
			buildSettings = {
				ALWAYS_SEARCH_USER_PATHS = NO;
				ASSETCATALOG_COMPILER_APPICON_NAME = AppIcon;
				ASSETCATALOG_COMPILER_GENERATE_SWIFT_ASSET_SYMBOL_EXTENSIONS = YES;
				ASSETCATALOG_COMPILER_GLOBAL_ACCENT_COLOR_NAME = AccentColor;
				CLANG_ANALYZER_NONNULL = YES;
				CLANG_ANALYZER_NUMBER_OBJECT_CONVERSION = YES_AGGRESSIVE;
				CLANG_CXX_LANGUAGE_STANDARD = "gnu++20";
				CLANG_ENABLE_MODULES = YES;
				CLANG_ENABLE_OBJC_ARC = YES;
				CLANG_ENABLE_OBJC_WEAK = YES;
				CLANG_WARN_BLOCK_CAPTURE_AUTORELEASING = YES;
				CLANG_WARN_BOOL_CONVERSION = YES;
				CLANG_WARN_COMMA = YES;
				CLANG_WARN_CONSTANT_CONVERSION = YES;
				CLANG_WARN_DEPRECATED_OBJC_IMPLEMENTATIONS = YES;
				CLANG_WARN_DIRECT_OBJC_ISA_USAGE = YES_ERROR;
				CLANG_WARN_DOCUMENTATION_COMMENTS = YES;
				CLANG_WARN_EMPTY_BODY = YES;
				CLANG_WARN_ENUM_CONVERSION = YES;
				CLANG_WARN_INFINITE_RECURSION = YES;
				CLANG_WARN_INT_CONVERSION = YES;
				CLANG_WARN_NON_LITERAL_NULL_CONVERSION = YES;
				CLANG_WARN_OBJC_IMPLICIT_RETAIN_SELF = YES;
				CLANG_WARN_OBJC_LITERAL_CONVERSION = YES;
				CLANG_WARN_OBJC_ROOT_CLASS = YES_ERROR;
				CLANG_WARN_QUOTED_INCLUDE_IN_FRAMEWORK_HEADER = YES;
				CLANG_WARN_RANGE_LOOP_ANALYSIS = YES;
				CLANG_WARN_STRICT_PROTOTYPES = YES;
				CLANG_WARN_SUSPICIOUS_MOVE = YES;
				CLANG_WARN_UNGUARDED_AVAILABILITY = YES_AGGRESSIVE;
				CLANG_WARN_UNREACHABLE_CODE = YES;
				CLANG_WARN__DUPLICATE_METHOD_MATCH = YES;
				CODE_SIGN_STYLE = Automatic;
				COPY_PHASE_STRIP = NO;
				CURRENT_PROJECT_VERSION = 1;
				DEBUG_INFORMATION_FORMAT = dwarf;
				DEVELOPMENT_ASSET_PATHS = "";
				DEVELOPMENT_TEAM = BUVM85N7NV;
				ENABLE_PREVIEWS = YES;
				ENABLE_STRICT_OBJC_MSGSEND = YES;
				ENABLE_TESTABILITY = YES;
				ENABLE_USER_SCRIPT_SANDBOXING = YES;
				GCC_C_LANGUAGE_STANDARD = gnu17;
				GCC_DYNAMIC_NO_PIC = NO;
				GCC_NO_COMMON_BLOCKS = YES;
				GCC_OPTIMIZATION_LEVEL = 0;
				GCC_PREPROCESSOR_DEFINITIONS = (
					"DEBUG=1",
					"$(inherited)",
				);
				GCC_WARN_64_TO_32_BIT_CONVERSION = YES;
				GCC_WARN_ABOUT_RETURN_TYPE = YES_ERROR;
				GCC_WARN_UNDECLARED_SELECTOR = YES;
				GCC_WARN_UNINITIALIZED_AUTOS = YES_AGGRESSIVE;
				GCC_WARN_UNUSED_FUNCTION = YES;
				GCC_WARN_UNUSED_VARIABLE = YES;
				GENERATE_INFOPLIST_FILE = YES;
				HEADER_SEARCH_PATHS = (
					"metal-cpp",
					"metal-cpp-extensions",
				);
				INFOPLIST_KEY_UIApplicationSceneManifest_Generation = YES;
				INFOPLIST_KEY_UIApplicationSupportsIndirectInputEvents = YES;
				INFOPLIST_KEY_UILaunchScreen_Generation = YES;
				INFOPLIST_KEY_UISupportedInterfaceOrientations_iPad = "UIInterfaceOrientationPortrait UIInterfaceOrientationPortraitUpsideDown UIInterfaceOrientationLandscapeLeft UIInterfaceOrientationLandscapeRight";
				INFOPLIST_KEY_UISupportedInterfaceOrientations_iPhone = "UIInterfaceOrientationPortrait UIInterfaceOrientationLandscapeLeft UIInterfaceOrientationLandscapeRight";
				IPHONEOS_DEPLOYMENT_TARGET = 17.0;
				LD_RUNPATH_SEARCH_PATHS = (
					"$(inherited)",
					"@executable_path/Frameworks",
				);
				LINK_WITH_STANDARD_LIBRARIES = NO;
				LOCALIZATION_PREFERS_STRING_CATALOGS = YES;
				MARKETING_VERSION = 1.0;
				MTL_ENABLE_DEBUG_INFO = INCLUDE_SOURCE;
				MTL_FAST_MATH = YES;
				ONLY_ACTIVE_ARCH = YES;
				PRODUCT_BUNDLE_IDENTIFIER = com.isoo.iOSTest;
				PRODUCT_NAME = "$(TARGET_NAME)";
				SDKROOT = iphoneos;
				SWIFT_ACTIVE_COMPILATION_CONDITIONS = "DEBUG $(inherited)";
				SWIFT_EMIT_LOC_STRINGS = YES;
				SWIFT_OPTIMIZATION_LEVEL = "-Onone";
				SWIFT_VERSION = 5.0;
				TARGETED_DEVICE_FAMILY = "1,2";
			};
			name = Debug;
		};
		5223CBDD2C1229560045CF84 /* Release */ = {
			isa = XCBuildConfiguration;
			buildSettings = {
				ALWAYS_SEARCH_USER_PATHS = NO;
				ASSETCATALOG_COMPILER_APPICON_NAME = AppIcon;
				ASSETCATALOG_COMPILER_GENERATE_SWIFT_ASSET_SYMBOL_EXTENSIONS = YES;
				ASSETCATALOG_COMPILER_GLOBAL_ACCENT_COLOR_NAME = AccentColor;
				CLANG_ANALYZER_NONNULL = YES;
				CLANG_ANALYZER_NUMBER_OBJECT_CONVERSION = YES_AGGRESSIVE;
				CLANG_CXX_LANGUAGE_STANDARD = "gnu++20";
				CLANG_ENABLE_MODULES = YES;
				CLANG_ENABLE_OBJC_ARC = YES;
				CLANG_ENABLE_OBJC_WEAK = YES;
				CLANG_WARN_BLOCK_CAPTURE_AUTORELEASING = YES;
				CLANG_WARN_BOOL_CONVERSION = YES;
				CLANG_WARN_COMMA = YES;
				CLANG_WARN_CONSTANT_CONVERSION = YES;
				CLANG_WARN_DEPRECATED_OBJC_IMPLEMENTATIONS = YES;
				CLANG_WARN_DIRECT_OBJC_ISA_USAGE = YES_ERROR;
				CLANG_WARN_DOCUMENTATION_COMMENTS = YES;
				CLANG_WARN_EMPTY_BODY = YES;
				CLANG_WARN_ENUM_CONVERSION = YES;
				CLANG_WARN_INFINITE_RECURSION = YES;
				CLANG_WARN_INT_CONVERSION = YES;
				CLANG_WARN_NON_LITERAL_NULL_CONVERSION = YES;
				CLANG_WARN_OBJC_IMPLICIT_RETAIN_SELF = YES;
				CLANG_WARN_OBJC_LITERAL_CONVERSION = YES;
				CLANG_WARN_OBJC_ROOT_CLASS = YES_ERROR;
				CLANG_WARN_QUOTED_INCLUDE_IN_FRAMEWORK_HEADER = YES;
				CLANG_WARN_RANGE_LOOP_ANALYSIS = YES;
				CLANG_WARN_STRICT_PROTOTYPES = YES;
				CLANG_WARN_SUSPICIOUS_MOVE = YES;
				CLANG_WARN_UNGUARDED_AVAILABILITY = YES_AGGRESSIVE;
				CLANG_WARN_UNREACHABLE_CODE = YES;
				CLANG_WARN__DUPLICATE_METHOD_MATCH = YES;
				CODE_SIGN_STYLE = Automatic;
				COPY_PHASE_STRIP = NO;
				CURRENT_PROJECT_VERSION = 1;
				DEBUG_INFORMATION_FORMAT = "dwarf-with-dsym";
				DEVELOPMENT_ASSET_PATHS = "";
				DEVELOPMENT_TEAM = BUVM85N7NV;
				ENABLE_NS_ASSERTIONS = NO;
				ENABLE_PREVIEWS = YES;
				ENABLE_STRICT_OBJC_MSGSEND = YES;
				ENABLE_USER_SCRIPT_SANDBOXING = YES;
				GCC_C_LANGUAGE_STANDARD = gnu17;
				GCC_NO_COMMON_BLOCKS = YES;
				GCC_WARN_64_TO_32_BIT_CONVERSION = YES;
				GCC_WARN_ABOUT_RETURN_TYPE = YES_ERROR;
				GCC_WARN_UNDECLARED_SELECTOR = YES;
				GCC_WARN_UNINITIALIZED_AUTOS = YES_AGGRESSIVE;
				GCC_WARN_UNUSED_FUNCTION = YES;
				GCC_WARN_UNUSED_VARIABLE = YES;
				GENERATE_INFOPLIST_FILE = YES;
				HEADER_SEARCH_PATHS = (
					"metal-cpp",
					"metal-cpp-extensions",
				);
				INFOPLIST_KEY_UIApplicationSceneManifest_Generation = YES;
				INFOPLIST_KEY_UIApplicationSupportsIndirectInputEvents = YES;
				INFOPLIST_KEY_UILaunchScreen_Generation = YES;
				INFOPLIST_KEY_UISupportedInterfaceOrientations_iPad = "UIInterfaceOrientationPortrait UIInterfaceOrientationPortraitUpsideDown UIInterfaceOrientationLandscapeLeft UIInterfaceOrientationLandscapeRight";
				INFOPLIST_KEY_UISupportedInterfaceOrientations_iPhone = "UIInterfaceOrientationPortrait UIInterfaceOrientationLandscapeLeft UIInterfaceOrientationLandscapeRight";
				IPHONEOS_DEPLOYMENT_TARGET = 17.0;
				LD_RUNPATH_SEARCH_PATHS = (
					"$(inherited)",
					"@executable_path/Frameworks",
				);
				LINK_WITH_STANDARD_LIBRARIES = NO;
				LOCALIZATION_PREFERS_STRING_CATALOGS = YES;
				MARKETING_VERSION = 1.0;
				MTL_ENABLE_DEBUG_INFO = NO;
				MTL_FAST_MATH = YES;
				PRODUCT_BUNDLE_IDENTIFIER = com.isoo.iOSTest;
				PRODUCT_NAME = "$(TARGET_NAME)";
				SDKROOT = iphoneos;
				SWIFT_COMPILATION_MODE = wholemodule;
				SWIFT_EMIT_LOC_STRINGS = YES;
				SWIFT_VERSION = 5.0;
				TARGETED_DEVICE_FAMILY = "1,2";
				VALIDATE_PRODUCT = YES;
			};
			name = Release;
		};
/* End XCBuildConfiguration section */

/* Begin XCConfigurationList section */
		5223CB862C1222EB0045CF84 /* Build configuration list for PBXProject "MetalTesting" */ = {
			isa = XCConfigurationList;
			buildConfigurations = (
				5223CB872C1222EB0045CF84 /* Debug */,
				5223CB882C1222EB0045CF84 /* Release */,
			);
			defaultConfigurationIsVisible = 0;
			defaultConfigurationName = Release;
		};
		5223CBC22C1226020045CF84 /* Build configuration list for PBXNativeTarget "Test2" */ = {
			isa = XCConfigurationList;
			buildConfigurations = (
				5223CBC32C1226020045CF84 /* Debug */,
				5223CBC42C1226020045CF84 /* Release */,
			);
			defaultConfigurationIsVisible = 0;
			defaultConfigurationName = Release;
		};
		5223CBDB2C1229560045CF84 /* Build configuration list for PBXNativeTarget "iOSTest" */ = {
			isa = XCConfigurationList;
			buildConfigurations = (
				5223CBDC2C1229560045CF84 /* Debug */,
				5223CBDD2C1229560045CF84 /* Release */,
			);
			defaultConfigurationIsVisible = 0;
			defaultConfigurationName = Release;
		};
/* End XCConfigurationList section */
	};
	rootObject = 5223CB832C1222EB0045CF84 /* Project object */;
}
